
Microsoft Visual Studio Solution File, Format Version 12.00
# Visual Studio Version 17
VisualStudioVersion = 17.6.33712.159
MinimumVisualStudioVersion = 10.0.40219.1
Project("{FAE04EC0-301F-11D3-BF4B-00C04F79EFBC}") = "TestWeb", "TestWeb\TestWeb.csproj", "{120392C0-01E4-4A78-96EF-7E490F4CA60E}"
EndProject
Global
	GlobalSection(SolutionConfigurationPlatforms) = preSolution
		Debug|Any CPU = Debug|Any CPU
		Release|Any CPU = Release|Any CPU
	EndGlobalSection
	GlobalSection(ProjectConfigurationPlatforms) = postSolution
		{120392C0-01E4-4A78-96EF-7E490F4CA60E}.Debug|Any CPU.ActiveCfg = Debug|Any CPU
		{120392C0-01E4-4A78-96EF-7E490F4CA60E}.Debug|Any CPU.Build.0 = Debug|Any CPU
		{120392C0-01E4-4A78-96EF-7E490F4CA60E}.Release|Any CPU.ActiveCfg = Release|Any CPU
		{120392C0-01E4-4A78-96EF-7E490F4CA60E}.Release|Any CPU.Build.0 = Release|Any CPU
	EndGlobalSection
	GlobalSection(SolutionProperties) = preSolution
		HideSolutionNode = FALSE
	EndGlobalSection
	GlobalSection(ExtensibilityGlobals) = postSolution
		SolutionGuid = {66E321C3-A285-4DA6-8173-F9FC55721F88}
	EndGlobalSection
EndGlobal
